
Microsoft Visual Studio Solution File, Format Version 12.00
# Visual Studio Express 2012 for Windows Desktop
Project("{8BC9CEB8-8B4A-11D0-8D11-00A0C91BC942}") = "HelloCinder", "HelloCinder.vcxproj", "{C614687E-C210-416B-92CF-C20116C2A0D6}"
EndProject
Global
	GlobalSection(SolutionConfigurationPlatforms) = preSolution
		Debug|Win32 = Debug|Win32
		Release|Win32 = Release|Win32
	EndGlobalSection
	GlobalSection(ProjectConfigurationPlatforms) = postSolution
		{C614687E-C210-416B-92CF-C20116C2A0D6}.Debug|Win32.ActiveCfg = Debug|Win32
		{C614687E-C210-416B-92CF-C20116C2A0D6}.Debug|Win32.Build.0 = Debug|Win32
		{C614687E-C210-416B-92CF-C20116C2A0D6}.Release|Win32.ActiveCfg = Release|Win32
		{C614687E-C210-416B-92CF-C20116C2A0D6}.Release|Win32.Build.0 = Release|Win32
	EndGlobalSection
	GlobalSection(SolutionProperties) = preSolution
		HideSolutionNode = FALSE
	EndGlobalSection
EndGlobal
